
Microsoft Visual Studio Solution File, Format Version 12.00
# Visual Studio Version 17
VisualStudioVersion = 17.2.32616.157
MinimumVisualStudioVersion = 10.0.40219.1
Project("{54A90642-561A-4BB1-A94E-469ADEE60C69}") = "AngularFrontend", "AngularFrontend\AngularFrontend.esproj", "{967CD69E-A971-4271-A05D-DF142DE7E362}"
EndProject
Project("{9A19103F-16F7-4668-BE54-9A1E7A4F7556}") = "ASP.NetWebAPI", "ASP.NetWebAPI\ASP.NetWebAPI.csproj", "{B817FC3A-C6D6-4BEE-88A3-A3240F52538E}"
EndProject
Project("{9A19103F-16F7-4668-BE54-9A1E7A4F7556}") = "Domain", "Domain\Domain.csproj", "{50926E4E-84CB-407A-A1D5-1B56A7AA57C0}"
EndProject
Project("{9A19103F-16F7-4668-BE54-9A1E7A4F7556}") = "DataAccess", "DataAccess\DataAccess.csproj", "{53874598-B91F-42A4-AD6E-EB8CB03E657E}"
EndProject
Project("{9A19103F-16F7-4668-BE54-9A1E7A4F7556}") = "Abstractions", "Abstractions\Abstractions.csproj", "{C807BF62-06B6-4CE9-8313-84575496D37E}"
EndProject
Project("{9A19103F-16F7-4668-BE54-9A1E7A4F7556}") = "UseCases", "UseCases\UseCases.csproj", "{1A517AAC-DB96-4565-9C75-C60074009DC5}"
EndProject
Project("{FAE04EC0-301F-11D3-BF4B-00C04F79EFBC}") = "Tests", "Tests\Tests.csproj", "{3664257F-99A4-4A2C-BDFF-4C14A27AF152}"
EndProject
Global
	GlobalSection(SolutionConfigurationPlatforms) = preSolution
		Debug|Any CPU = Debug|Any CPU
		Release|Any CPU = Release|Any CPU
	EndGlobalSection
	GlobalSection(ProjectConfigurationPlatforms) = postSolution
		{967CD69E-A971-4271-A05D-DF142DE7E362}.Debug|Any CPU.ActiveCfg = Debug|Any CPU
		{967CD69E-A971-4271-A05D-DF142DE7E362}.Debug|Any CPU.Build.0 = Debug|Any CPU
		{967CD69E-A971-4271-A05D-DF142DE7E362}.Debug|Any CPU.Deploy.0 = Debug|Any CPU
		{967CD69E-A971-4271-A05D-DF142DE7E362}.Release|Any CPU.ActiveCfg = Release|Any CPU
		{967CD69E-A971-4271-A05D-DF142DE7E362}.Release|Any CPU.Build.0 = Release|Any CPU
		{967CD69E-A971-4271-A05D-DF142DE7E362}.Release|Any CPU.Deploy.0 = Release|Any CPU
		{B817FC3A-C6D6-4BEE-88A3-A3240F52538E}.Debug|Any CPU.ActiveCfg = Debug|Any CPU
		{B817FC3A-C6D6-4BEE-88A3-A3240F52538E}.Debug|Any CPU.Build.0 = Debug|Any CPU
		{B817FC3A-C6D6-4BEE-88A3-A3240F52538E}.Release|Any CPU.ActiveCfg = Release|Any CPU
		{B817FC3A-C6D6-4BEE-88A3-A3240F52538E}.Release|Any CPU.Build.0 = Release|Any CPU
		{50926E4E-84CB-407A-A1D5-1B56A7AA57C0}.Debug|Any CPU.ActiveCfg = Debug|Any CPU
		{50926E4E-84CB-407A-A1D5-1B56A7AA57C0}.Debug|Any CPU.Build.0 = Debug|Any CPU
		{50926E4E-84CB-407A-A1D5-1B56A7AA57C0}.Release|Any CPU.ActiveCfg = Release|Any CPU
		{50926E4E-84CB-407A-A1D5-1B56A7AA57C0}.Release|Any CPU.Build.0 = Release|Any CPU
		{53874598-B91F-42A4-AD6E-EB8CB03E657E}.Debug|Any CPU.ActiveCfg = Debug|Any CPU
		{53874598-B91F-42A4-AD6E-EB8CB03E657E}.Debug|Any CPU.Build.0 = Debug|Any CPU
		{53874598-B91F-42A4-AD6E-EB8CB03E657E}.Release|Any CPU.ActiveCfg = Release|Any CPU
		{53874598-B91F-42A4-AD6E-EB8CB03E657E}.Release|Any CPU.Build.0 = Release|Any CPU
		{C807BF62-06B6-4CE9-8313-84575496D37E}.Debug|Any CPU.ActiveCfg = Debug|Any CPU
		{C807BF62-06B6-4CE9-8313-84575496D37E}.Debug|Any CPU.Build.0 = Debug|Any CPU
		{C807BF62-06B6-4CE9-8313-84575496D37E}.Release|Any CPU.ActiveCfg = Release|Any CPU
		{C807BF62-06B6-4CE9-8313-84575496D37E}.Release|Any CPU.Build.0 = Release|Any CPU
		{1A517AAC-DB96-4565-9C75-C60074009DC5}.Debug|Any CPU.ActiveCfg = Debug|Any CPU
		{1A517AAC-DB96-4565-9C75-C60074009DC5}.Debug|Any CPU.Build.0 = Debug|Any CPU
		{1A517AAC-DB96-4565-9C75-C60074009DC5}.Release|Any CPU.ActiveCfg = Release|Any CPU
		{1A517AAC-DB96-4565-9C75-C60074009DC5}.Release|Any CPU.Build.0 = Release|Any CPU
		{3664257F-99A4-4A2C-BDFF-4C14A27AF152}.Debug|Any CPU.ActiveCfg = Debug|Any CPU
		{3664257F-99A4-4A2C-BDFF-4C14A27AF152}.Debug|Any CPU.Build.0 = Debug|Any CPU
		{3664257F-99A4-4A2C-BDFF-4C14A27AF152}.Release|Any CPU.ActiveCfg = Release|Any CPU
		{3664257F-99A4-4A2C-BDFF-4C14A27AF152}.Release|Any CPU.Build.0 = Release|Any CPU
	EndGlobalSection
	GlobalSection(SolutionProperties) = preSolution
		HideSolutionNode = FALSE
	EndGlobalSection
	GlobalSection(ExtensibilityGlobals) = postSolution
		SolutionGuid = {932DCD0B-A7B6-4602-81E7-78B9E6D3D18F}
	EndGlobalSection
EndGlobal
